
Microsoft Visual Studio Solution File, Format Version 12.00
# Visual Studio Version 17
VisualStudioVersion = 17.9.34728.123
MinimumVisualStudioVersion = 10.0.40219.1
Project("{FAE04EC0-301F-11D3-BF4B-00C04F79EFBC}") = "SpendSmart", "SpendSmart.csproj", "{7B724634-16DB-48DA-8525-A1D8F53D5797}"
EndProject
Global
	GlobalSection(SolutionConfigurationPlatforms) = preSolution
		Debug|Any CPU = Debug|Any CPU
		Release|Any CPU = Release|Any CPU
	EndGlobalSection
	GlobalSection(ProjectConfigurationPlatforms) = postSolution
		{7B724634-16DB-48DA-8525-A1D8F53D5797}.Debug|Any CPU.ActiveCfg = Debug|Any CPU
		{7B724634-16DB-48DA-8525-A1D8F53D5797}.Debug|Any CPU.Build.0 = Debug|Any CPU
		{7B724634-16DB-48DA-8525-A1D8F53D5797}.Release|Any CPU.ActiveCfg = Release|Any CPU
		{7B724634-16DB-48DA-8525-A1D8F53D5797}.Release|Any CPU.Build.0 = Release|Any CPU
	EndGlobalSection
	GlobalSection(SolutionProperties) = preSolution
		HideSolutionNode = FALSE
	EndGlobalSection
	GlobalSection(ExtensibilityGlobals) = postSolution
		SolutionGuid = {5ECC7BDF-E8D7-4B04-9FE7-5EC3CB6A7A21}
	EndGlobalSection
EndGlobal
